<?xml version="1.0" encoding="utf-8"?>
<Project ToolsVersion="4.0" xmlns="http://schemas.microsoft.com/developer/msbuild/2003">
  <ItemGroup>
    <Filter Include="Source Files">
      <UniqueIdentifier>{4FC737F1-C7A5-4376-A066-2A32D752A2FF}</UniqueIdentifier>
      <Extensions>cpp;c;cc;cxx;def;odl;idl;hpj;bat;asm;asmx</Extensions>
    </Filter>
    <Filter Include="Header Files">
      <UniqueIdentifier>{93995380-89BD-4b04-88EB-625FBE52EBFB}</UniqueIdentifier>
      <Extensions>h;hh;hpp;hxx;hm;inl;inc;xsd</Extensions>
    </Filter>
    <Filter Include="Resource Files">
      <UniqueIdentifier>{67DA6AB6-F800-4c08-8B7A-83BB121AAD01}</UniqueIdentifier>
      <Extensions>rc;ico;cur;bmp;dlg;rc2;rct;bin;rgs;gif;jpg;jpeg;jpe;resx;tiff;tif;png;wav;mfcribbon-ms</Extensions>
    </Filter>
    <Filter Include="Source Files\Item Files">
      <UniqueIdentifier>{236c3416-5f7e-4407-8466-b5369d950342}</UniqueIdentifier>
    </Filter>
    <Filter Include="Source Files\Enemy Files">
      <UniqueIdentifier>{ab35bd7e-6e1e-4f9b-b9f4-34346a1e0222}</UniqueIdentifier>
    </Filter>
    <Filter Include="Source Files\Platform Files">
      <UniqueIdentifier>{e4d5710f-55ee-4d43-aec2-a0e4f24d5e96}</UniqueIdentifier>
    </Filter>
    <Filter Include="Header Files\Platform Headers">
      <UniqueIdentifier>{b3d3309f-f8ac-4c87-b717-8111a7847ab4}</UniqueIdentifier>
    </Filter>
    <Filter Include="Header Files\Map Headers">
      <UniqueIdentifier>{3f3c7626-e940-410b-857c-532bf6bde058}</UniqueIdentifier>
    </Filter>
    <Filter Include="Header Files\Entity Headers">
      <UniqueIdentifier>{3862949e-b6f9-4cae-b155-28ccaf4461a4}</UniqueIdentifier>
    </Filter>
    <Filter Include="Source Files\Map Files">
      <UniqueIdentifier>{b836de6b-1cae-4a04-b1d1-b7dfd107a23a}</UniqueIdentifier>
    </Filter>
  </ItemGroup>
  <ItemGroup>
    <ClCompile Include="enigma.cpp">
      <Filter>Source Files</Filter>
    </ClCompile>
    <ClCompile Include="gameState.cpp">
      <Filter>Source Files</Filter>
    </ClCompile>
    <ClCompile Include="item.cpp">
      <Filter>Source Files\Item Files</Filter>
    </ClCompile>
    <ClCompile Include="enemy.cpp">
      <Filter>Source Files\Enemy Files</Filter>
    </ClCompile>
    <ClCompile Include="sdl_enigma.cpp">
      <Filter>Source Files\Platform Files</Filter>
    </ClCompile>
    <ClCompile Include="texture.cpp">
      <Filter>Source Files\Platform Files</Filter>
    </ClCompile>
    <ClCompile Include="slime.cpp">
      <Filter>Source Files\Enemy Files</Filter>
    </ClCompile>
    <ClCompile Include="mapGenerator.cpp">
      <Filter>Source Files\Map Files</Filter>
    </ClCompile>
    <ClCompile Include="map.cpp">
      <Filter>Source Files\Map Files</Filter>
    </ClCompile>
  </ItemGroup>
  <ItemGroup>
    <None Include="packages.config" />
  </ItemGroup>
  <ItemGroup>
    <ClInclude Include="gameState.h">
      <Filter>Header Files</Filter>
    </ClInclude>
    <ClInclude Include="sdl_enigma.h">
      <Filter>Header Files\Platform Headers</Filter>
    </ClInclude>
    <ClInclude Include="texture.h">
      <Filter>Header Files\Platform Headers</Filter>
    </ClInclude>
    <ClInclude Include="mapGenerator.h">
      <Filter>Header Files\Map Headers</Filter>
    </ClInclude>
    <ClInclude Include="mapSystem.h">
      <Filter>Header Files\Map Headers</Filter>
    </ClInclude>
    <ClInclude Include="map.h">
      <Filter>Header Files\Map Headers</Filter>
    </ClInclude>
    <ClInclude Include="enemy.h">
      <Filter>Header Files\Entity Headers</Filter>
    </ClInclude>
    <ClInclude Include="Item.h">
      <Filter>Header Files\Entity Headers</Filter>
    </ClInclude>
    <ClInclude Include="slime.h">
      <Filter>Header Files\Entity Headers</Filter>
    </ClInclude>
    <ClInclude Include="enigma_constants.h">
      <Filter>Header Files\Platform Headers</Filter>
    </ClInclude>
  </ItemGroup>
</Project>